
Microsoft Visual Studio Solution File, Format Version 12.00
# Visual Studio Version 17
VisualStudioVersion = 17.13.35818.85 d17.13
MinimumVisualStudioVersion = 10.0.40219.1
Project("{FAE04EC0-301F-11D3-BF4B-00C04F79EFBC}") = "HolidaySearch.App", "HolidaySearch.App\HolidaySearch.App.csproj", "{D9A21B40-4C1E-4CA8-A47F-98FF2D840CC3}"
EndProject
Project("{FAE04EC0-301F-11D3-BF4B-00C04F79EFBC}") = "HolidaySearch.Tests", "HolidaySearch.Tests\HolidaySearch.Tests.csproj", "{85F47640-BEA2-4196-A5DA-4A161A555242}"
EndProject
Global
	GlobalSection(SolutionConfigurationPlatforms) = preSolution
		Debug|Any CPU = Debug|Any CPU
		Release|Any CPU = Release|Any CPU
	EndGlobalSection
	GlobalSection(ProjectConfigurationPlatforms) = postSolution
		{D9A21B40-4C1E-4CA8-A47F-98FF2D840CC3}.Debug|Any CPU.ActiveCfg = Debug|Any CPU
		{D9A21B40-4C1E-4CA8-A47F-98FF2D840CC3}.Debug|Any CPU.Build.0 = Debug|Any CPU
		{D9A21B40-4C1E-4CA8-A47F-98FF2D840CC3}.Release|Any CPU.ActiveCfg = Release|Any CPU
		{D9A21B40-4C1E-4CA8-A47F-98FF2D840CC3}.Release|Any CPU.Build.0 = Release|Any CPU
		{85F47640-BEA2-4196-A5DA-4A161A555242}.Debug|Any CPU.ActiveCfg = Debug|Any CPU
		{85F47640-BEA2-4196-A5DA-4A161A555242}.Debug|Any CPU.Build.0 = Debug|Any CPU
		{85F47640-BEA2-4196-A5DA-4A161A555242}.Release|Any CPU.ActiveCfg = Release|Any CPU
		{85F47640-BEA2-4196-A5DA-4A161A555242}.Release|Any CPU.Build.0 = Release|Any CPU
	EndGlobalSection
	GlobalSection(SolutionProperties) = preSolution
		HideSolutionNode = FALSE
	EndGlobalSection
	GlobalSection(ExtensibilityGlobals) = postSolution
		SolutionGuid = {94CB4F75-B5C3-445B-985F-8919B054C447}
	EndGlobalSection
EndGlobal
